// !$*UTF8*$!
{
	archiveVersion = 1;
	classes = {
	};
	objectVersion = 50;
	objects = {

/* Begin PBXBuildFile section */
		500E4F62265E515200EA7763 /* AppDelegate.swift in Sources */ = {isa = PBXBuildFile; fileRef = 500E4F61265E515200EA7763 /* AppDelegate.swift */; };
		500E4F64265E515200EA7763 /* SceneDelegate.swift in Sources */ = {isa = PBXBuildFile; fileRef = 500E4F63265E515200EA7763 /* SceneDelegate.swift */; };
		500E4F69265E515200EA7763 /* Main.storyboard in Resources */ = {isa = PBXBuildFile; fileRef = 500E4F67265E515200EA7763 /* Main.storyboard */; };
		500E4F6B265E515600EA7763 /* Assets.xcassets in Resources */ = {isa = PBXBuildFile; fileRef = 500E4F6A265E515600EA7763 /* Assets.xcassets */; };
		500E4F6E265E515600EA7763 /* LaunchScreen.storyboard in Resources */ = {isa = PBXBuildFile; fileRef = 500E4F6C265E515600EA7763 /* LaunchScreen.storyboard */; };
		500E4F78265E53B800EA7763 /* Articles.swift in Sources */ = {isa = PBXBuildFile; fileRef = 500E4F77265E53B800EA7763 /* Articles.swift */; };
		500E4F7C265E54DA00EA7763 /* Model.swift in Sources */ = {isa = PBXBuildFile; fileRef = 500E4F7B265E54DA00EA7763 /* Model.swift */; };
		50210D7E265F51C9002955CD /* PageViewController.swift in Sources */ = {isa = PBXBuildFile; fileRef = 50210D7D265F51C9002955CD /* PageViewController.swift */; };
		504B36272663BED0009777D2 /* TableViewCell.swift in Sources */ = {isa = PBXBuildFile; fileRef = 504B36262663BED0009777D2 /* TableViewCell.swift */; };
		505783BB265E73E7007C6C72 /* TableViewController.swift in Sources */ = {isa = PBXBuildFile; fileRef = 505783BA265E73E7007C6C72 /* TableViewController.swift */; };
		505783BF265E7DF3007C6C72 /* DetailNewsController.swift in Sources */ = {isa = PBXBuildFile; fileRef = 505783BE265E7DF3007C6C72 /* DetailNewsController.swift */; };
/* End PBXBuildFile section */

/* Begin PBXFileReference section */
		500E4F5E265E515200EA7763 /* NewsApp.app */ = {isa = PBXFileReference; explicitFileType = wrapper.application; includeInIndex = 0; path = NewsApp.app; sourceTree = BUILT_PRODUCTS_DIR; };
		500E4F61265E515200EA7763 /* AppDelegate.swift */ = {isa = PBXFileReference; lastKnownFileType = sourcecode.swift; path = AppDelegate.swift; sourceTree = "<group>"; };
		500E4F63265E515200EA7763 /* SceneDelegate.swift */ = {isa = PBXFileReference; lastKnownFileType = sourcecode.swift; path = SceneDelegate.swift; sourceTree = "<group>"; };
		500E4F68265E515200EA7763 /* Base */ = {isa = PBXFileReference; lastKnownFileType = file.storyboard; name = Base; path = Base.lproj/Main.storyboard; sourceTree = "<group>"; };
		500E4F6A265E515600EA7763 /* Assets.xcassets */ = {isa = PBXFileReference; lastKnownFileType = folder.assetcatalog; path = Assets.xcassets; sourceTree = "<group>"; };
		500E4F6D265E515600EA7763 /* Base */ = {isa = PBXFileReference; lastKnownFileType = file.storyboard; name = Base; path = Base.lproj/LaunchScreen.storyboard; sourceTree = "<group>"; };
		500E4F6F265E515600EA7763 /* Info.plist */ = {isa = PBXFileReference; lastKnownFileType = text.plist.xml; path = Info.plist; sourceTree = "<group>"; };
		500E4F77265E53B800EA7763 /* Articles.swift */ = {isa = PBXFileReference; lastKnownFileType = sourcecode.swift; path = Articles.swift; sourceTree = "<group>"; };
		500E4F7B265E54DA00EA7763 /* Model.swift */ = {isa = PBXFileReference; lastKnownFileType = sourcecode.swift; path = Model.swift; sourceTree = "<group>"; };
		50210D7D265F51C9002955CD /* PageViewController.swift */ = {isa = PBXFileReference; lastKnownFileType = sourcecode.swift; path = PageViewController.swift; sourceTree = "<group>"; };
		504B36262663BED0009777D2 /* TableViewCell.swift */ = {isa = PBXFileReference; lastKnownFileType = sourcecode.swift; path = TableViewCell.swift; sourceTree = "<group>"; };
		505783BA265E73E7007C6C72 /* TableViewController.swift */ = {isa = PBXFileReference; lastKnownFileType = sourcecode.swift; path = TableViewController.swift; sourceTree = "<group>"; };
		505783BE265E7DF3007C6C72 /* DetailNewsController.swift */ = {isa = PBXFileReference; lastKnownFileType = sourcecode.swift; path = DetailNewsController.swift; sourceTree = "<group>"; };
/* End PBXFileReference section */

/* Begin PBXFrameworksBuildPhase section */
		500E4F5B265E515200EA7763 /* Frameworks */ = {
			isa = PBXFrameworksBuildPhase;
			buildActionMask = 2147483647;
			files = (
			);
			runOnlyForDeploymentPostprocessing = 0;
		};
/* End PBXFrameworksBuildPhase section */

/* Begin PBXGroup section */
		500E4F55265E515200EA7763 = {
			isa = PBXGroup;
			children = (
				500E4F60265E515200EA7763 /* NewsApp */,
				500E4F5F265E515200EA7763 /* Products */,
			);
			sourceTree = "<group>";
		};
		500E4F5F265E515200EA7763 /* Products */ = {
			isa = PBXGroup;
			children = (
				500E4F5E265E515200EA7763 /* NewsApp.app */,
			);
			name = Products;
			sourceTree = "<group>";
		};
		500E4F60265E515200EA7763 /* NewsApp */ = {
			isa = PBXGroup;
			children = (
				500E4F76265E53A100EA7763 /* Model */,
				500E4F61265E515200EA7763 /* AppDelegate.swift */,
				500E4F63265E515200EA7763 /* SceneDelegate.swift */,
				505783BE265E7DF3007C6C72 /* DetailNewsController.swift */,
				505783BA265E73E7007C6C72 /* TableViewController.swift */,
				500E4F67265E515200EA7763 /* Main.storyboard */,
				500E4F6A265E515600EA7763 /* Assets.xcassets */,
				500E4F6C265E515600EA7763 /* LaunchScreen.storyboard */,
				500E4F6F265E515600EA7763 /* Info.plist */,
				50210D7D265F51C9002955CD /* PageViewController.swift */,
				504B36262663BED0009777D2 /* TableViewCell.swift */,
			);
			path = NewsApp;
			sourceTree = "<group>";
		};
		500E4F76265E53A100EA7763 /* Model */ = {
			isa = PBXGroup;
			children = (
				500E4F77265E53B800EA7763 /* Articles.swift */,
				500E4F7B265E54DA00EA7763 /* Model.swift */,
			);
			path = Model;
			sourceTree = "<group>";
		};
/* End PBXGroup section */

/* Begin PBXNativeTarget section */
		500E4F5D265E515200EA7763 /* NewsApp */ = {
			isa = PBXNativeTarget;
			buildConfigurationList = 500E4F72265E515600EA7763 /* Build configuration list for PBXNativeTarget "NewsApp" */;
			buildPhases = (
				500E4F5A265E515200EA7763 /* Sources */,
				500E4F5B265E515200EA7763 /* Frameworks */,
				500E4F5C265E515200EA7763 /* Resources */,
			);
			buildRules = (
			);
			dependencies = (
			);
			name = NewsApp;
			productName = NewsApp;
			productReference = 500E4F5E265E515200EA7763 /* NewsApp.app */;
			productType = "com.apple.product-type.application";
		};
/* End PBXNativeTarget section */

/* Begin PBXProject section */
		500E4F56265E515200EA7763 /* Project object */ = {
			isa = PBXProject;
			attributes = {
				LastSwiftUpdateCheck = 1210;
				LastUpgradeCheck = 1210;
				TargetAttributes = {
					500E4F5D265E515200EA7763 = {
						CreatedOnToolsVersion = 12.1;
					};
				};
			};
			buildConfigurationList = 500E4F59265E515200EA7763 /* Build configuration list for PBXProject "NewsApp" */;
			compatibilityVersion = "Xcode 9.3";
			developmentRegion = en;
			hasScannedForEncodings = 0;
			knownRegions = (
				en,
				Base,
			);
			mainGroup = 500E4F55265E515200EA7763;
			productRefGroup = 500E4F5F265E515200EA7763 /* Products */;
			projectDirPath = "";
			projectRoot = "";
			targets = (
				500E4F5D265E515200EA7763 /* NewsApp */,
			);
		};
/* End PBXProject section */

/* Begin PBXResourcesBuildPhase section */
		500E4F5C265E515200EA7763 /* Resources */ = {
			isa = PBXResourcesBuildPhase;
			buildActionMask = 2147483647;
			files = (
				500E4F6E265E515600EA7763 /* LaunchScreen.storyboard in Resources */,
				500E4F6B265E515600EA7763 /* Assets.xcassets in Resources */,
				500E4F69265E515200EA7763 /* Main.storyboard in Resources */,
			);
			runOnlyForDeploymentPostprocessing = 0;
		};
/* End PBXResourcesBuildPhase section */

/* Begin PBXSourcesBuildPhase section */
		500E4F5A265E515200EA7763 /* Sources */ = {
			isa = PBXSourcesBuildPhase;
			buildActionMask = 2147483647;
			files = (
				500E4F7C265E54DA00EA7763 /* Model.swift in Sources */,
				504B36272663BED0009777D2 /* TableViewCell.swift in Sources */,
				50210D7E265F51C9002955CD /* PageViewController.swift in Sources */,
				500E4F78265E53B800EA7763 /* Articles.swift in Sources */,
				500E4F62265E515200EA7763 /* AppDelegate.swift in Sources */,
				505783BB265E73E7007C6C72 /* TableViewController.swift in Sources */,
				500E4F64265E515200EA7763 /* SceneDelegate.swift in Sources */,
				505783BF265E7DF3007C6C72 /* DetailNewsController.swift in Sources */,
			);
			runOnlyForDeploymentPostprocessing = 0;
		};
/* End PBXSourcesBuildPhase section */

/* Begin PBXVariantGroup section */
		500E4F67265E515200EA7763 /* Main.storyboard */ = {
			isa = PBXVariantGroup;
			children = (
				500E4F68265E515200EA7763 /* Base */,
			);
			name = Main.storyboard;
			sourceTree = "<group>";
		};
		500E4F6C265E515600EA7763 /* LaunchScreen.storyboard */ = {
			isa = PBXVariantGroup;
			children = (
				500E4F6D265E515600EA7763 /* Base */,
			);
			name = LaunchScreen.storyboard;
			sourceTree = "<group>";
		};
/* End PBXVariantGroup section */

/* Begin XCBuildConfiguration section */
		500E4F70265E515600EA7763 /* Debug */ = {
			isa = XCBuildConfiguration;
			buildSettings = {
				ALWAYS_SEARCH_USER_PATHS = NO;
				CLANG_ANALYZER_NONNULL = YES;
				CLANG_ANALYZER_NUMBER_OBJECT_CONVERSION = YES_AGGRESSIVE;
				CLANG_CXX_LANGUAGE_STANDARD = "gnu++14";
				CLANG_CXX_LIBRARY = "libc++";
				CLANG_ENABLE_MODULES = YES;
				CLANG_ENABLE_OBJC_ARC = YES;
				CLANG_ENABLE_OBJC_WEAK = YES;
				CLANG_WARN_BLOCK_CAPTURE_AUTORELEASING = YES;
				CLANG_WARN_BOOL_CONVERSION = YES;
				CLANG_WARN_COMMA = YES;
				CLANG_WARN_CONSTANT_CONVERSION = YES;
				CLANG_WARN_DEPRECATED_OBJC_IMPLEMENTATIONS = YES;
				CLANG_WARN_DIRECT_OBJC_ISA_USAGE = YES_ERROR;
				CLANG_WARN_DOCUMENTATION_COMMENTS = YES;
				CLANG_WARN_EMPTY_BODY = YES;
				CLANG_WARN_ENUM_CONVERSION = YES;
				CLANG_WARN_INFINITE_RECURSION = YES;
				CLANG_WARN_INT_CONVERSION = YES;
				CLANG_WARN_NON_LITERAL_NULL_CONVERSION = YES;
				CLANG_WARN_OBJC_IMPLICIT_RETAIN_SELF = YES;
				CLANG_WARN_OBJC_LITERAL_CONVERSION = YES;
				CLANG_WARN_OBJC_ROOT_CLASS = YES_ERROR;
				CLANG_WARN_QUOTED_INCLUDE_IN_FRAMEWORK_HEADER = YES;
				CLANG_WARN_RANGE_LOOP_ANALYSIS = YES;
				CLANG_WARN_STRICT_PROTOTYPES = YES;
				CLANG_WARN_SUSPICIOUS_MOVE = YES;
				CLANG_WARN_UNGUARDED_AVAILABILITY = YES_AGGRESSIVE;
				CLANG_WARN_UNREACHABLE_CODE = YES;
				CLANG_WARN__DUPLICATE_METHOD_MATCH = YES;
				COPY_PHASE_STRIP = NO;
				DEBUG_INFORMATION_FORMAT = dwarf;
				ENABLE_STRICT_OBJC_MSGSEND = YES;
				ENABLE_TESTABILITY = YES;
				GCC_C_LANGUAGE_STANDARD = gnu11;
				GCC_DYNAMIC_NO_PIC = NO;
				GCC_NO_COMMON_BLOCKS = YES;
				GCC_OPTIMIZATION_LEVEL = 0;
				GCC_PREPROCESSOR_DEFINITIONS = (
					"DEBUG=1",
					"$(inherited)",
				);
				GCC_WARN_64_TO_32_BIT_CONVERSION = YES;
				GCC_WARN_ABOUT_RETURN_TYPE = YES_ERROR;
				GCC_WARN_UNDECLARED_SELECTOR = YES;
				GCC_WARN_UNINITIALIZED_AUTOS = YES_AGGRESSIVE;
				GCC_WARN_UNUSED_FUNCTION = YES;
				GCC_WARN_UNUSED_VARIABLE = YES;
				IPHONEOS_DEPLOYMENT_TARGET = 14.1;
				MTL_ENABLE_DEBUG_INFO = INCLUDE_SOURCE;
				MTL_FAST_MATH = YES;
				ONLY_ACTIVE_ARCH = YES;
				SDKROOT = iphoneos;
				SWIFT_ACTIVE_COMPILATION_CONDITIONS = DEBUG;
				SWIFT_OPTIMIZATION_LEVEL = "-Onone";
			};
			name = Debug;
		};
		500E4F71265E515600EA7763 /* Release */ = {
			isa = XCBuildConfiguration;
			buildSettings = {
				ALWAYS_SEARCH_USER_PATHS = NO;
				CLANG_ANALYZER_NONNULL = YES;
				CLANG_ANALYZER_NUMBER_OBJECT_CONVERSION = YES_AGGRESSIVE;
				CLANG_CXX_LANGUAGE_STANDARD = "gnu++14";
				CLANG_CXX_LIBRARY = "libc++";
				CLANG_ENABLE_MODULES = YES;
				CLANG_ENABLE_OBJC_ARC = YES;
				CLANG_ENABLE_OBJC_WEAK = YES;
				CLANG_WARN_BLOCK_CAPTURE_AUTORELEASING = YES;
				CLANG_WARN_BOOL_CONVERSION = YES;
				CLANG_WARN_COMMA = YES;
				CLANG_WARN_CONSTANT_CONVERSION = YES;
				CLANG_WARN_DEPRECATED_OBJC_IMPLEMENTATIONS = YES;
				CLANG_WARN_DIRECT_OBJC_ISA_USAGE = YES_ERROR;
				CLANG_WARN_DOCUMENTATION_COMMENTS = YES;
				CLANG_WARN_EMPTY_BODY = YES;
				CLANG_WARN_ENUM_CONVERSION = YES;
				CLANG_WARN_INFINITE_RECURSION = YES;
				CLANG_WARN_INT_CONVERSION = YES;
				CLANG_WARN_NON_LITERAL_NULL_CONVERSION = YES;
				CLANG_WARN_OBJC_IMPLICIT_RETAIN_SELF = YES;
				CLANG_WARN_OBJC_LITERAL_CONVERSION = YES;
				CLANG_WARN_OBJC_ROOT_CLASS = YES_ERROR;
				CLANG_WARN_QUOTED_INCLUDE_IN_FRAMEWORK_HEADER = YES;
				CLANG_WARN_RANGE_LOOP_ANALYSIS = YES;
				CLANG_WARN_STRICT_PROTOTYPES = YES;
				CLANG_WARN_SUSPICIOUS_MOVE = YES;
				CLANG_WARN_UNGUARDED_AVAILABILITY = YES_AGGRESSIVE;
				CLANG_WARN_UNREACHABLE_CODE = YES;
				CLANG_WARN__DUPLICATE_METHOD_MATCH = YES;
				COPY_PHASE_STRIP = NO;
				DEBUG_INFORMATION_FORMAT = "dwarf-with-dsym";
				ENABLE_NS_ASSERTIONS = NO;
				ENABLE_STRICT_OBJC_MSGSEND = YES;
				GCC_C_LANGUAGE_STANDARD = gnu11;
				GCC_NO_COMMON_BLOCKS = YES;
				GCC_WARN_64_TO_32_BIT_CONVERSION = YES;
				GCC_WARN_ABOUT_RETURN_TYPE = YES_ERROR;
				GCC_WARN_UNDECLARED_SELECTOR = YES;
				GCC_WARN_UNINITIALIZED_AUTOS = YES_AGGRESSIVE;
				GCC_WARN_UNUSED_FUNCTION = YES;
				GCC_WARN_UNUSED_VARIABLE = YES;
				IPHONEOS_DEPLOYMENT_TARGET = 14.1;
				MTL_ENABLE_DEBUG_INFO = NO;
				MTL_FAST_MATH = YES;
				SDKROOT = iphoneos;
				SWIFT_COMPILATION_MODE = wholemodule;
				SWIFT_OPTIMIZATION_LEVEL = "-O";
				VALIDATE_PRODUCT = YES;
			};
			name = Release;
		};
		500E4F73265E515600EA7763 /* Debug */ = {
			isa = XCBuildConfiguration;
			buildSettings = {
				ASSETCATALOG_COMPILER_APPICON_NAME = AppIcon;
				ASSETCATALOG_COMPILER_GLOBAL_ACCENT_COLOR_NAME = AccentColor;
				CODE_SIGN_STYLE = Automatic;
				DEVELOPMENT_TEAM = 3AP5HUCPUK;
				INFOPLIST_FILE = NewsApp/Info.plist;
				LD_RUNPATH_SEARCH_PATHS = (
					"$(inherited)",
					"@executable_path/Frameworks",
				);
				PRODUCT_BUNDLE_IDENTIFIER = com.NewsApp;
				PRODUCT_NAME = "$(TARGET_NAME)";
				SWIFT_VERSION = 5.0;
				TARGETED_DEVICE_FAMILY = "1,2";
			};
			name = Debug;
		};
		500E4F74265E515600EA7763 /* Release */ = {
			isa = XCBuildConfiguration;
			buildSettings = {
				ASSETCATALOG_COMPILER_APPICON_NAME = AppIcon;
				ASSETCATALOG_COMPILER_GLOBAL_ACCENT_COLOR_NAME = AccentColor;
				CODE_SIGN_STYLE = Automatic;
				DEVELOPMENT_TEAM = 3AP5HUCPUK;
				INFOPLIST_FILE = NewsApp/Info.plist;
				LD_RUNPATH_SEARCH_PATHS = (
					"$(inherited)",
					"@executable_path/Frameworks",
				);
				PRODUCT_BUNDLE_IDENTIFIER = com.NewsApp;
				PRODUCT_NAME = "$(TARGET_NAME)";
				SWIFT_VERSION = 5.0;
				TARGETED_DEVICE_FAMILY = "1,2";
			};
			name = Release;
		};
/* End XCBuildConfiguration section */

/* Begin XCConfigurationList section */
		500E4F59265E515200EA7763 /* Build configuration list for PBXProject "NewsApp" */ = {
			isa = XCConfigurationList;
			buildConfigurations = (
				500E4F70265E515600EA7763 /* Debug */,
				500E4F71265E515600EA7763 /* Release */,
			);
			defaultConfigurationIsVisible = 0;
			defaultConfigurationName = Release;
		};
		500E4F72265E515600EA7763 /* Build configuration list for PBXNativeTarget "NewsApp" */ = {
			isa = XCConfigurationList;
			buildConfigurations = (
				500E4F73265E515600EA7763 /* Debug */,
				500E4F74265E515600EA7763 /* Release */,
			);
			defaultConfigurationIsVisible = 0;
			defaultConfigurationName = Release;
		};
/* End XCConfigurationList section */
	};
	rootObject = 500E4F56265E515200EA7763 /* Project object */;
}
